// !$*UTF8*$!
{
	archiveVersion = 1;
	classes = {
	};
	objectVersion = 46;
	objects = {

/* Begin PBXBuildFile section */
		5BC253C91D3D65C50054AE5A /* AppDelegate.swift in Sources */ = {isa = PBXBuildFile; fileRef = 5BC253C81D3D65C50054AE5A /* AppDelegate.swift */; };
		5BC253CB1D3D65C50054AE5A /* ViewController.swift in Sources */ = {isa = PBXBuildFile; fileRef = 5BC253CA1D3D65C50054AE5A /* ViewController.swift */; };
		5BC253CE1D3D65C50054AE5A /* Main.storyboard in Resources */ = {isa = PBXBuildFile; fileRef = 5BC253CC1D3D65C50054AE5A /* Main.storyboard */; };
		5BC253D01D3D65C50054AE5A /* Assets.xcassets in Resources */ = {isa = PBXBuildFile; fileRef = 5BC253CF1D3D65C50054AE5A /* Assets.xcassets */; };
		5BC253D31D3D65C50054AE5A /* LaunchScreen.storyboard in Resources */ = {isa = PBXBuildFile; fileRef = 5BC253D11D3D65C50054AE5A /* LaunchScreen.storyboard */; };
		5BC253DE1D3D65C50054AE5A /* ClassesFunTests.swift in Sources */ = {isa = PBXBuildFile; fileRef = 5BC253DD1D3D65C50054AE5A /* ClassesFunTests.swift */; };
/* End PBXBuildFile section */

/* Begin PBXContainerItemProxy section */
		5BC253DA1D3D65C50054AE5A /* PBXContainerItemProxy */ = {
			isa = PBXContainerItemProxy;
			containerPortal = 5BC253BD1D3D65C50054AE5A /* Project object */;
			proxyType = 1;
			remoteGlobalIDString = 5BC253C41D3D65C50054AE5A;
			remoteInfo = ClassesFun;
		};
/* End PBXContainerItemProxy section */

/* Begin PBXFileReference section */
		5BC253C51D3D65C50054AE5A /* ClassesFun.app */ = {isa = PBXFileReference; explicitFileType = wrapper.application; includeInIndex = 0; path = ClassesFun.app; sourceTree = BUILT_PRODUCTS_DIR; };
		5BC253C81D3D65C50054AE5A /* AppDelegate.swift */ = {isa = PBXFileReference; lastKnownFileType = sourcecode.swift; path = AppDelegate.swift; sourceTree = "<group>"; };
		5BC253CA1D3D65C50054AE5A /* ViewController.swift */ = {isa = PBXFileReference; lastKnownFileType = sourcecode.swift; path = ViewController.swift; sourceTree = "<group>"; };
		5BC253CD1D3D65C50054AE5A /* Base */ = {isa = PBXFileReference; lastKnownFileType = file.storyboard; name = Base; path = Base.lproj/Main.storyboard; sourceTree = "<group>"; };
		5BC253CF1D3D65C50054AE5A /* Assets.xcassets */ = {isa = PBXFileReference; lastKnownFileType = folder.assetcatalog; path = Assets.xcassets; sourceTree = "<group>"; };
		5BC253D21D3D65C50054AE5A /* Base */ = {isa = PBXFileReference; lastKnownFileType = file.storyboard; name = Base; path = Base.lproj/LaunchScreen.storyboard; sourceTree = "<group>"; };
		5BC253D41D3D65C50054AE5A /* Info.plist */ = {isa = PBXFileReference; lastKnownFileType = text.plist.xml; path = Info.plist; sourceTree = "<group>"; };
		5BC253D91D3D65C50054AE5A /* ClassesFunTests.xctest */ = {isa = PBXFileReference; explicitFileType = wrapper.cfbundle; includeInIndex = 0; path = ClassesFunTests.xctest; sourceTree = BUILT_PRODUCTS_DIR; };
		5BC253DD1D3D65C50054AE5A /* ClassesFunTests.swift */ = {isa = PBXFileReference; lastKnownFileType = sourcecode.swift; path = ClassesFunTests.swift; sourceTree = "<group>"; };
		5BC253DF1D3D65C50054AE5A /* Info.plist */ = {isa = PBXFileReference; lastKnownFileType = text.plist.xml; path = Info.plist; sourceTree = "<group>"; };
/* End PBXFileReference section */

/* Begin PBXFrameworksBuildPhase section */
		5BC253C21D3D65C50054AE5A /* Frameworks */ = {
			isa = PBXFrameworksBuildPhase;
			buildActionMask = 2147483647;
			files = (
			);
			runOnlyForDeploymentPostprocessing = 0;
		};
		5BC253D61D3D65C50054AE5A /* Frameworks */ = {
			isa = PBXFrameworksBuildPhase;
			buildActionMask = 2147483647;
			files = (
			);
			runOnlyForDeploymentPostprocessing = 0;
		};
/* End PBXFrameworksBuildPhase section */

/* Begin PBXGroup section */
		5BC253BC1D3D65C50054AE5A = {
			isa = PBXGroup;
			children = (
				5BC253C71D3D65C50054AE5A /* ClassesFun */,
				5BC253DC1D3D65C50054AE5A /* ClassesFunTests */,
				5BC253C61D3D65C50054AE5A /* Products */,
			);
			sourceTree = "<group>";
		};
		5BC253C61D3D65C50054AE5A /* Products */ = {
			isa = PBXGroup;
			children = (
				5BC253C51D3D65C50054AE5A /* ClassesFun.app */,
				5BC253D91D3D65C50054AE5A /* ClassesFunTests.xctest */,
			);
			name = Products;
			sourceTree = "<group>";
		};
		5BC253C71D3D65C50054AE5A /* ClassesFun */ = {
			isa = PBXGroup;
			children = (
				5BC253C81D3D65C50054AE5A /* AppDelegate.swift */,
				5BC253CA1D3D65C50054AE5A /* ViewController.swift */,
				5BC253CC1D3D65C50054AE5A /* Main.storyboard */,
				5BC253CF1D3D65C50054AE5A /* Assets.xcassets */,
				5BC253D11D3D65C50054AE5A /* LaunchScreen.storyboard */,
				5BC253D41D3D65C50054AE5A /* Info.plist */,
			);
			path = ClassesFun;
			sourceTree = "<group>";
		};
		5BC253DC1D3D65C50054AE5A /* ClassesFunTests */ = {
			isa = PBXGroup;
			children = (
				5BC253DD1D3D65C50054AE5A /* ClassesFunTests.swift */,
				5BC253DF1D3D65C50054AE5A /* Info.plist */,
			);
			path = ClassesFunTests;
			sourceTree = "<group>";
		};
/* End PBXGroup section */

/* Begin PBXNativeTarget section */
		5BC253C41D3D65C50054AE5A /* ClassesFun */ = {
			isa = PBXNativeTarget;
			buildConfigurationList = 5BC253E21D3D65C50054AE5A /* Build configuration list for PBXNativeTarget "ClassesFun" */;
			buildPhases = (
				5BC253C11D3D65C50054AE5A /* Sources */,
				5BC253C21D3D65C50054AE5A /* Frameworks */,
				5BC253C31D3D65C50054AE5A /* Resources */,
			);
			buildRules = (
			);
			dependencies = (
			);
			name = ClassesFun;
			productName = ClassesFun;
			productReference = 5BC253C51D3D65C50054AE5A /* ClassesFun.app */;
			productType = "com.apple.product-type.application";
		};
		5BC253D81D3D65C50054AE5A /* ClassesFunTests */ = {
			isa = PBXNativeTarget;
			buildConfigurationList = 5BC253E51D3D65C50054AE5A /* Build configuration list for PBXNativeTarget "ClassesFunTests" */;
			buildPhases = (
				5BC253D51D3D65C50054AE5A /* Sources */,
				5BC253D61D3D65C50054AE5A /* Frameworks */,
				5BC253D71D3D65C50054AE5A /* Resources */,
			);
			buildRules = (
			);
			dependencies = (
				5BC253DB1D3D65C50054AE5A /* PBXTargetDependency */,
			);
			name = ClassesFunTests;
			productName = ClassesFunTests;
			productReference = 5BC253D91D3D65C50054AE5A /* ClassesFunTests.xctest */;
			productType = "com.apple.product-type.bundle.unit-test";
		};
/* End PBXNativeTarget section */

/* Begin PBXProject section */
		5BC253BD1D3D65C50054AE5A /* Project object */ = {
			isa = PBXProject;
			attributes = {
				LastSwiftUpdateCheck = 0730;
				LastUpgradeCheck = 0730;
				ORGANIZATIONNAME = "Flatiron School";
				TargetAttributes = {
					5BC253C41D3D65C50054AE5A = {
						CreatedOnToolsVersion = 7.3.1;
					};
					5BC253D81D3D65C50054AE5A = {
						CreatedOnToolsVersion = 7.3.1;
						TestTargetID = 5BC253C41D3D65C50054AE5A;
					};
				};
			};
			buildConfigurationList = 5BC253C01D3D65C50054AE5A /* Build configuration list for PBXProject "ClassesFun" */;
			compatibilityVersion = "Xcode 3.2";
			developmentRegion = English;
			hasScannedForEncodings = 0;
			knownRegions = (
				en,
				Base,
			);
			mainGroup = 5BC253BC1D3D65C50054AE5A;
			productRefGroup = 5BC253C61D3D65C50054AE5A /* Products */;
			projectDirPath = "";
			projectRoot = "";
			targets = (
				5BC253C41D3D65C50054AE5A /* ClassesFun */,
				5BC253D81D3D65C50054AE5A /* ClassesFunTests */,
			);
		};
/* End PBXProject section */

/* Begin PBXResourcesBuildPhase section */
		5BC253C31D3D65C50054AE5A /* Resources */ = {
			isa = PBXResourcesBuildPhase;
			buildActionMask = 2147483647;
			files = (
				5BC253D31D3D65C50054AE5A /* LaunchScreen.storyboard in Resources */,
				5BC253D01D3D65C50054AE5A /* Assets.xcassets in Resources */,
				5BC253CE1D3D65C50054AE5A /* Main.storyboard in Resources */,
			);
			runOnlyForDeploymentPostprocessing = 0;
		};
		5BC253D71D3D65C50054AE5A /* Resources */ = {
			isa = PBXResourcesBuildPhase;
			buildActionMask = 2147483647;
			files = (
			);
			runOnlyForDeploymentPostprocessing = 0;
		};
/* End PBXResourcesBuildPhase section */

/* Begin PBXSourcesBuildPhase section */
		5BC253C11D3D65C50054AE5A /* Sources */ = {
			isa = PBXSourcesBuildPhase;
			buildActionMask = 2147483647;
			files = (
				5BC253CB1D3D65C50054AE5A /* ViewController.swift in Sources */,
				5BC253C91D3D65C50054AE5A /* AppDelegate.swift in Sources */,
			);
			runOnlyForDeploymentPostprocessing = 0;
		};
		5BC253D51D3D65C50054AE5A /* Sources */ = {
			isa = PBXSourcesBuildPhase;
			buildActionMask = 2147483647;
			files = (
				5BC253DE1D3D65C50054AE5A /* ClassesFunTests.swift in Sources */,
			);
			runOnlyForDeploymentPostprocessing = 0;
		};
/* End PBXSourcesBuildPhase section */

/* Begin PBXTargetDependency section */
		5BC253DB1D3D65C50054AE5A /* PBXTargetDependency */ = {
			isa = PBXTargetDependency;
			target = 5BC253C41D3D65C50054AE5A /* ClassesFun */;
			targetProxy = 5BC253DA1D3D65C50054AE5A /* PBXContainerItemProxy */;
		};
/* End PBXTargetDependency section */

/* Begin PBXVariantGroup section */
		5BC253CC1D3D65C50054AE5A /* Main.storyboard */ = {
			isa = PBXVariantGroup;
			children = (
				5BC253CD1D3D65C50054AE5A /* Base */,
			);
			name = Main.storyboard;
			sourceTree = "<group>";
		};
		5BC253D11D3D65C50054AE5A /* LaunchScreen.storyboard */ = {
			isa = PBXVariantGroup;
			children = (
				5BC253D21D3D65C50054AE5A /* Base */,
			);
			name = LaunchScreen.storyboard;
			sourceTree = "<group>";
		};
/* End PBXVariantGroup section */

/* Begin XCBuildConfiguration section */
		5BC253E01D3D65C50054AE5A /* Debug */ = {
			isa = XCBuildConfiguration;
			buildSettings = {
				ALWAYS_SEARCH_USER_PATHS = NO;
				CLANG_ANALYZER_NONNULL = YES;
				CLANG_CXX_LANGUAGE_STANDARD = "gnu++0x";
				CLANG_CXX_LIBRARY = "libc++";
				CLANG_ENABLE_MODULES = YES;
				CLANG_ENABLE_OBJC_ARC = YES;
				CLANG_WARN_BOOL_CONVERSION = YES;
				CLANG_WARN_CONSTANT_CONVERSION = YES;
				CLANG_WARN_DIRECT_OBJC_ISA_USAGE = YES_ERROR;
				CLANG_WARN_EMPTY_BODY = YES;
				CLANG_WARN_ENUM_CONVERSION = YES;
				CLANG_WARN_INT_CONVERSION = YES;
				CLANG_WARN_OBJC_ROOT_CLASS = YES_ERROR;
				CLANG_WARN_UNREACHABLE_CODE = YES;
				CLANG_WARN__DUPLICATE_METHOD_MATCH = YES;
				"CODE_SIGN_IDENTITY[sdk=iphoneos*]" = "iPhone Developer";
				COPY_PHASE_STRIP = NO;
				DEBUG_INFORMATION_FORMAT = dwarf;
				ENABLE_STRICT_OBJC_MSGSEND = YES;
				ENABLE_TESTABILITY = YES;
				GCC_C_LANGUAGE_STANDARD = gnu99;
				GCC_DYNAMIC_NO_PIC = NO;
				GCC_NO_COMMON_BLOCKS = YES;
				GCC_OPTIMIZATION_LEVEL = 0;
				GCC_PREPROCESSOR_DEFINITIONS = (
					"DEBUG=1",
					"$(inherited)",
				);
				GCC_WARN_64_TO_32_BIT_CONVERSION = YES;
				GCC_WARN_ABOUT_RETURN_TYPE = YES_ERROR;
				GCC_WARN_UNDECLARED_SELECTOR = YES;
				GCC_WARN_UNINITIALIZED_AUTOS = YES_AGGRESSIVE;
				GCC_WARN_UNUSED_FUNCTION = YES;
				GCC_WARN_UNUSED_VARIABLE = YES;
				IPHONEOS_DEPLOYMENT_TARGET = 9.3;
				MTL_ENABLE_DEBUG_INFO = YES;
				ONLY_ACTIVE_ARCH = YES;
				SDKROOT = iphoneos;
				SWIFT_OPTIMIZATION_LEVEL = "-Onone";
			};
			name = Debug;
		};
		5BC253E11D3D65C50054AE5A /* Release */ = {
			isa = XCBuildConfiguration;
			buildSettings = {
				ALWAYS_SEARCH_USER_PATHS = NO;
				CLANG_ANALYZER_NONNULL = YES;
				CLANG_CXX_LANGUAGE_STANDARD = "gnu++0x";
				CLANG_CXX_LIBRARY = "libc++";
				CLANG_ENABLE_MODULES = YES;
				CLANG_ENABLE_OBJC_ARC = YES;
				CLANG_WARN_BOOL_CONVERSION = YES;
				CLANG_WARN_CONSTANT_CONVERSION = YES;
				CLANG_WARN_DIRECT_OBJC_ISA_USAGE = YES_ERROR;
				CLANG_WARN_EMPTY_BODY = YES;
				CLANG_WARN_ENUM_CONVERSION = YES;
				CLANG_WARN_INT_CONVERSION = YES;
				CLANG_WARN_OBJC_ROOT_CLASS = YES_ERROR;
				CLANG_WARN_UNREACHABLE_CODE = YES;
				CLANG_WARN__DUPLICATE_METHOD_MATCH = YES;
				"CODE_SIGN_IDENTITY[sdk=iphoneos*]" = "iPhone Developer";
				COPY_PHASE_STRIP = NO;
				DEBUG_INFORMATION_FORMAT = "dwarf-with-dsym";
				ENABLE_NS_ASSERTIONS = NO;
				ENABLE_STRICT_OBJC_MSGSEND = YES;
				GCC_C_LANGUAGE_STANDARD = gnu99;
				GCC_NO_COMMON_BLOCKS = YES;
				GCC_WARN_64_TO_32_BIT_CONVERSION = YES;
				GCC_WARN_ABOUT_RETURN_TYPE = YES_ERROR;
				GCC_WARN_UNDECLARED_SELECTOR = YES;
				GCC_WARN_UNINITIALIZED_AUTOS = YES_AGGRESSIVE;
				GCC_WARN_UNUSED_FUNCTION = YES;
				GCC_WARN_UNUSED_VARIABLE = YES;
				IPHONEOS_DEPLOYMENT_TARGET = 9.3;
				MTL_ENABLE_DEBUG_INFO = NO;
				SDKROOT = iphoneos;
				VALIDATE_PRODUCT = YES;
			};
			name = Release;
		};
		5BC253E31D3D65C50054AE5A /* Debug */ = {
			isa = XCBuildConfiguration;
			buildSettings = {
				ASSETCATALOG_COMPILER_APPICON_NAME = AppIcon;
				INFOPLIST_FILE = ClassesFun/Info.plist;
				LD_RUNPATH_SEARCH_PATHS = "$(inherited) @executable_path/Frameworks";
				PRODUCT_BUNDLE_IDENTIFIER = com.flatironSchool.ClassesFun;
				PRODUCT_NAME = "$(TARGET_NAME)";
			};
			name = Debug;
		};
		5BC253E41D3D65C50054AE5A /* Release */ = {
			isa = XCBuildConfiguration;
			buildSettings = {
				ASSETCATALOG_COMPILER_APPICON_NAME = AppIcon;
				INFOPLIST_FILE = ClassesFun/Info.plist;
				LD_RUNPATH_SEARCH_PATHS = "$(inherited) @executable_path/Frameworks";
				PRODUCT_BUNDLE_IDENTIFIER = com.flatironSchool.ClassesFun;
				PRODUCT_NAME = "$(TARGET_NAME)";
			};
			name = Release;
		};
		5BC253E61D3D65C50054AE5A /* Debug */ = {
			isa = XCBuildConfiguration;
			buildSettings = {
				BUNDLE_LOADER = "$(TEST_HOST)";
				INFOPLIST_FILE = ClassesFunTests/Info.plist;
				LD_RUNPATH_SEARCH_PATHS = "$(inherited) @executable_path/Frameworks @loader_path/Frameworks";
				PRODUCT_BUNDLE_IDENTIFIER = com.flatironSchool.ClassesFunTests;
				PRODUCT_NAME = "$(TARGET_NAME)";
				TEST_HOST = "$(BUILT_PRODUCTS_DIR)/ClassesFun.app/ClassesFun";
			};
			name = Debug;
		};
		5BC253E71D3D65C50054AE5A /* Release */ = {
			isa = XCBuildConfiguration;
			buildSettings = {
				BUNDLE_LOADER = "$(TEST_HOST)";
				INFOPLIST_FILE = ClassesFunTests/Info.plist;
				LD_RUNPATH_SEARCH_PATHS = "$(inherited) @executable_path/Frameworks @loader_path/Frameworks";
				PRODUCT_BUNDLE_IDENTIFIER = com.flatironSchool.ClassesFunTests;
				PRODUCT_NAME = "$(TARGET_NAME)";
				TEST_HOST = "$(BUILT_PRODUCTS_DIR)/ClassesFun.app/ClassesFun";
			};
			name = Release;
		};
/* End XCBuildConfiguration section */

/* Begin XCConfigurationList section */
		5BC253C01D3D65C50054AE5A /* Build configuration list for PBXProject "ClassesFun" */ = {
			isa = XCConfigurationList;
			buildConfigurations = (
				5BC253E01D3D65C50054AE5A /* Debug */,
				5BC253E11D3D65C50054AE5A /* Release */,
			);
			defaultConfigurationIsVisible = 0;
			defaultConfigurationName = Release;
		};
		5BC253E21D3D65C50054AE5A /* Build configuration list for PBXNativeTarget "ClassesFun" */ = {
			isa = XCConfigurationList;
			buildConfigurations = (
				5BC253E31D3D65C50054AE5A /* Debug */,
				5BC253E41D3D65C50054AE5A /* Release */,
			);
			defaultConfigurationIsVisible = 0;
		};
		5BC253E51D3D65C50054AE5A /* Build configuration list for PBXNativeTarget "ClassesFunTests" */ = {
			isa = XCConfigurationList;
			buildConfigurations = (
				5BC253E61D3D65C50054AE5A /* Debug */,
				5BC253E71D3D65C50054AE5A /* Release */,
			);
			defaultConfigurationIsVisible = 0;
		};
/* End XCConfigurationList section */
	};
	rootObject = 5BC253BD1D3D65C50054AE5A /* Project object */;
}
